
Microsoft Visual Studio Solution File, Format Version 12.00
# Visual Studio Version 16
VisualStudioVersion = 16.0.30114.105
MinimumVisualStudioVersion = 10.0.40219.1
Project("{FAE04EC0-301F-11D3-BF4B-00C04F79EFBC}") = "ReadingBmpFileManually", "ReadingBmpFileManually\ReadingBmpFileManually.csproj", "{CADDE684-1E01-491C-9C9B-23961249E35F}"
EndProject
Global
	GlobalSection(SolutionConfigurationPlatforms) = preSolution
		Debug|Any CPU = Debug|Any CPU
		Release|Any CPU = Release|Any CPU
	EndGlobalSection
	GlobalSection(SolutionProperties) = preSolution
		HideSolutionNode = FALSE
	EndGlobalSection
	GlobalSection(ProjectConfigurationPlatforms) = postSolution
		{CADDE684-1E01-491C-9C9B-23961249E35F}.Debug|Any CPU.ActiveCfg = Debug|Any CPU
		{CADDE684-1E01-491C-9C9B-23961249E35F}.Debug|Any CPU.Build.0 = Debug|Any CPU
		{CADDE684-1E01-491C-9C9B-23961249E35F}.Release|Any CPU.ActiveCfg = Release|Any CPU
		{CADDE684-1E01-491C-9C9B-23961249E35F}.Release|Any CPU.Build.0 = Release|Any CPU
	EndGlobalSection
EndGlobal
